// !$*UTF8*$!
{
	archiveVersion = 1;
	classes = {
	};
	objectVersion = 55;
	objects = {

/* Begin PBXBuildFile section */
		053998C5290A83E0005143C7 /* HomeMenuCell.swift in Sources */ = {isa = PBXBuildFile; fileRef = 053998C4290A83E0005143C7 /* HomeMenuCell.swift */; };
		BF370B5409C9BBA693EEFB80 /* Pods_AgoraEntScenarios.framework in Frameworks */ = {isa = PBXBuildFile; fileRef = FA1922429382BABB488B6495 /* Pods_AgoraEntScenarios.framework */; };
		DD2A43CB28FFCEE7004CEDCF /* AppDelegate.swift in Sources */ = {isa = PBXBuildFile; fileRef = DD2A43CA28FFCEE7004CEDCF /* AppDelegate.swift */; };
		DD2A43CF28FFCEE7004CEDCF /* ViewController.swift in Sources */ = {isa = PBXBuildFile; fileRef = DD2A43CE28FFCEE7004CEDCF /* ViewController.swift */; };
		DD2A43D228FFCEE7004CEDCF /* Main.storyboard in Resources */ = {isa = PBXBuildFile; fileRef = DD2A43D028FFCEE7004CEDCF /* Main.storyboard */; };
		DD2A43D428FFCEE7004CEDCF /* Assets.xcassets in Resources */ = {isa = PBXBuildFile; fileRef = DD2A43D328FFCEE7004CEDCF /* Assets.xcassets */; };
		DD2A43D728FFCEE7004CEDCF /* LaunchScreen.storyboard in Resources */ = {isa = PBXBuildFile; fileRef = DD2A43D528FFCEE7004CEDCF /* LaunchScreen.storyboard */; };
		DD2A43E228FFCEE7004CEDCF /* AgoraEntScenariosTests.swift in Sources */ = {isa = PBXBuildFile; fileRef = DD2A43E128FFCEE7004CEDCF /* AgoraEntScenariosTests.swift */; };
		DD2A43EC28FFCEE7004CEDCF /* AgoraEntScenariosUITests.swift in Sources */ = {isa = PBXBuildFile; fileRef = DD2A43EB28FFCEE7004CEDCF /* AgoraEntScenariosUITests.swift */; };
		DD2A43EE28FFCEE7004CEDCF /* AgoraEntScenariosUITestsLaunchTests.swift in Sources */ = {isa = PBXBuildFile; fileRef = DD2A43ED28FFCEE7004CEDCF /* AgoraEntScenariosUITestsLaunchTests.swift */; };
		DD3610CD29B70F3300CE7984 /* VLMineSwitchCell.swift in Sources */ = {isa = PBXBuildFile; fileRef = DD3610CC29B70F3300CE7984 /* VLMineSwitchCell.swift */; };
		DD3610D029B70F3800CE7984 /* VLMineCellModel.m in Sources */ = {isa = PBXBuildFile; fileRef = DD3610CF29B70F3800CE7984 /* VLMineCellModel.m */; };
		DD619C0429E3E81D008F63E4 /* AboutAgoraEntertainmentViewController.swift in Sources */ = {isa = PBXBuildFile; fileRef = DD619C0329E3E81D008F63E4 /* AboutAgoraEntertainmentViewController.swift */; };
		DD619C0829E3E84D008F63E4 /* SceneVersionCell.swift in Sources */ = {isa = PBXBuildFile; fileRef = DD619C0529E3E84C008F63E4 /* SceneVersionCell.swift */; };
		DD619C0929E3E84D008F63E4 /* AboutAgoraHeader.swift in Sources */ = {isa = PBXBuildFile; fileRef = DD619C0629E3E84C008F63E4 /* AboutAgoraHeader.swift */; };
		DD619C0A29E3E84D008F63E4 /* ContactInfoCell.swift in Sources */ = {isa = PBXBuildFile; fileRef = DD619C0729E3E84C008F63E4 /* ContactInfoCell.swift */; };
		DD84176229090C520026B624 /* index.html in Resources */ = {isa = PBXBuildFile; fileRef = DD84168729090C520026B624 /* index.html */; };
		DD84176329090C520026B624 /* util.js in Resources */ = {isa = PBXBuildFile; fileRef = DD84168929090C520026B624 /* util.js */; };
		DD84176429090C520026B624 /* intro.css in Resources */ = {isa = PBXBuildFile; fileRef = DD84168B29090C520026B624 /* intro.css */; };
		DD84176529090C520026B624 /* public.css in Resources */ = {isa = PBXBuildFile; fileRef = DD84168C29090C520026B624 /* public.css */; };
		DD84176629090C520026B624 /* index.js in Resources */ = {isa = PBXBuildFile; fileRef = DD84168D29090C520026B624 /* index.js */; };
		DD84176729090C520026B624 /* tab_profile.png in Resources */ = {isa = PBXBuildFile; fileRef = DD84168F29090C520026B624 /* tab_profile.png */; };
		DD84176829090C520026B624 /* ic_back_b.png in Resources */ = {isa = PBXBuildFile; fileRef = DD84169029090C520026B624 /* ic_back_b.png */; };
		DD84176929090C520026B624 /* banner1.png in Resources */ = {isa = PBXBuildFile; fileRef = DD84169129090C520026B624 /* banner1.png */; };
		DD84176A29090C520026B624 /* ic_k.png in Resources */ = {isa = PBXBuildFile; fileRef = DD84169229090C520026B624 /* ic_k.png */; };
		DD84176B29090C520026B624 /* tab_home.png in Resources */ = {isa = PBXBuildFile; fileRef = DD84169329090C520026B624 /* tab_home.png */; };
		DD84176C29090C520026B624 /* ic_game.png in Resources */ = {isa = PBXBuildFile; fileRef = DD84169429090C520026B624 /* ic_game.png */; };
		DD84176D29090C520026B624 /* bg_index.png in Resources */ = {isa = PBXBuildFile; fileRef = DD84169529090C520026B624 /* bg_index.png */; };
		DD84176E29090C520026B624 /* tab_discover.png in Resources */ = {isa = PBXBuildFile; fileRef = DD84169629090C520026B624 /* tab_discover.png */; };
		DD84176F29090C520026B624 /* ic_live.png in Resources */ = {isa = PBXBuildFile; fileRef = DD84169729090C520026B624 /* ic_live.png */; };
		DD84177029090C520026B624 /* ic_back.png in Resources */ = {isa = PBXBuildFile; fileRef = DD84169829090C520026B624 /* ic_back.png */; };
		DD84177129090C520026B624 /* ic_play.png in Resources */ = {isa = PBXBuildFile; fileRef = DD84169929090C520026B624 /* ic_play.png */; };
		DD84177229090C520026B624 /* ic_chat.png in Resources */ = {isa = PBXBuildFile; fileRef = DD84169A29090C520026B624 /* ic_chat.png */; };
		DD84177329090C520026B624 /* product2.png in Resources */ = {isa = PBXBuildFile; fileRef = DD84169B29090C520026B624 /* product2.png */; };
		DD84177429090C520026B624 /* product3.png in Resources */ = {isa = PBXBuildFile; fileRef = DD84169C29090C520026B624 /* product3.png */; };
		DD84177529090C520026B624 /* product1.png in Resources */ = {isa = PBXBuildFile; fileRef = DD84169D29090C520026B624 /* product1.png */; };
		DD84177629090C520026B624 /* product4.png in Resources */ = {isa = PBXBuildFile; fileRef = DD84169E29090C520026B624 /* product4.png */; };
		DD84177729090C520026B624 /* entertainment.html in Resources */ = {isa = PBXBuildFile; fileRef = DD8416A129090C520026B624 /* entertainment.html */; };
		DD84177829090C520026B624 /* entertainment.js in Resources */ = {isa = PBXBuildFile; fileRef = DD8416A229090C520026B624 /* entertainment.js */; };
		DD84177929090C520026B624 /* product.html in Resources */ = {isa = PBXBuildFile; fileRef = DD8416A429090C520026B624 /* product.html */; };
		DD84177A29090C520026B624 /* product.js in Resources */ = {isa = PBXBuildFile; fileRef = DD8416A529090C520026B624 /* product.js */; };
		DD84177B29090C520026B624 /* VLHomeViewController.m in Sources */ = {isa = PBXBuildFile; fileRef = DD8416A829090C520026B624 /* VLHomeViewController.m */; };
		DD84177C29090C520026B624 /* VLHomeItemView.m in Sources */ = {isa = PBXBuildFile; fileRef = DD8416A929090C520026B624 /* VLHomeItemView.m */; };
		DD84177D29090C520026B624 /* VLHomeItemModel.m in Sources */ = {isa = PBXBuildFile; fileRef = DD8416AA29090C520026B624 /* VLHomeItemModel.m */; };
		DD84177E29090C520026B624 /* VLHomeView.m in Sources */ = {isa = PBXBuildFile; fileRef = DD8416AF29090C520026B624 /* VLHomeView.m */; };
		DD84177F29090C520026B624 /* UIWindow+Router.m in Sources */ = {isa = PBXBuildFile; fileRef = DD8416B029090C520026B624 /* UIWindow+Router.m */; };
		DD84178029090C520026B624 /* VLDiscoveryHeaderView.m in Sources */ = {isa = PBXBuildFile; fileRef = DD8416B329090C520026B624 /* VLDiscoveryHeaderView.m */; };
		DD84178129090C520026B624 /* VLDiscoveryItemTCell.m in Sources */ = {isa = PBXBuildFile; fileRef = DD8416B529090C520026B624 /* VLDiscoveryItemTCell.m */; };
		DD84178229090C520026B624 /* VLDiscoveryView.m in Sources */ = {isa = PBXBuildFile; fileRef = DD8416B829090C520026B624 /* VLDiscoveryView.m */; };
		DD84178329090C520026B624 /* VLAmusementTCell.m in Sources */ = {isa = PBXBuildFile; fileRef = DD8416B929090C520026B624 /* VLAmusementTCell.m */; };
		DD84178429090C520026B624 /* VLDiscoveryViewController.m in Sources */ = {isa = PBXBuildFile; fileRef = DD8416BC29090C520026B624 /* VLDiscoveryViewController.m */; };
		DD84178529090C520026B624 /* VLUploadImageResModel.m in Sources */ = {isa = PBXBuildFile; fileRef = DD8416C129090C520026B624 /* VLUploadImageResModel.m */; };
		DD84178629090C520026B624 /* VLMineView.m in Sources */ = {isa = PBXBuildFile; fileRef = DD8416C329090C520026B624 /* VLMineView.m */; };
		DD84178729090C520026B624 /* VLMineTCell.m in Sources */ = {isa = PBXBuildFile; fileRef = DD8416C429090C520026B624 /* VLMineTCell.m */; };
		DD84178829090C520026B624 /* VLMineViewController.m in Sources */ = {isa = PBXBuildFile; fileRef = DD8416C929090C520026B624 /* VLMineViewController.m */; };
		DD84178929090C520026B624 /* VLMainTabBarController.m in Sources */ = {isa = PBXBuildFile; fileRef = DD8416CB29090C520026B624 /* VLMainTabBarController.m */; };
		DD84178A29090C520026B624 /* VLMainRootViewController.m in Sources */ = {isa = PBXBuildFile; fileRef = DD8416CE29090C520026B624 /* VLMainRootViewController.m */; };
		DDDDDB9E28FFD78C005F4E8B /* KeyCenter.swift in Sources */ = {isa = PBXBuildFile; fileRef = DDDDDA2D28FFD78B005F4E8B /* KeyCenter.swift */; };
		E358F800293494BC00A7EBD1 /* InfoPlist.strings in Resources */ = {isa = PBXBuildFile; fileRef = E358F802293494BC00A7EBD1 /* InfoPlist.strings */; };
		E36EC8BA2A6680F60089A374 /* Localizable.strings in Resources */ = {isa = PBXBuildFile; fileRef = E36EC8BC2A6680F60089A374 /* Localizable.strings */; };
		E72F624D2A8097DF00C963D2 /* VLLoginViewController.swift in Sources */ = {isa = PBXBuildFile; fileRef = E72F624C2A8097DF00C963D2 /* VLLoginViewController.swift */; };
		F70CAB7F2C75D823000B0F61 /* DebugModeViewController.swift in Sources */ = {isa = PBXBuildFile; fileRef = F70CAB7E2C75D823000B0F61 /* DebugModeViewController.swift */; };
/* End PBXBuildFile section */

/* Begin PBXContainerItemProxy section */
		DD2A43DE28FFCEE7004CEDCF /* PBXContainerItemProxy */ = {
			isa = PBXContainerItemProxy;
			containerPortal = DD2A43BF28FFCEE7004CEDCF /* Project object */;
			proxyType = 1;
			remoteGlobalIDString = DD2A43C628FFCEE7004CEDCF;
			remoteInfo = AgoraEntScenarios;
		};
		DD2A43E828FFCEE7004CEDCF /* PBXContainerItemProxy */ = {
			isa = PBXContainerItemProxy;
			containerPortal = DD2A43BF28FFCEE7004CEDCF /* Project object */;
			proxyType = 1;
			remoteGlobalIDString = DD2A43C628FFCEE7004CEDCF;
			remoteInfo = AgoraEntScenarios;
		};
/* End PBXContainerItemProxy section */

/* Begin PBXFileReference section */
		053998C4290A83E0005143C7 /* HomeMenuCell.swift */ = {isa = PBXFileReference; lastKnownFileType = sourcecode.swift; path = HomeMenuCell.swift; sourceTree = "<group>"; };
		4A3B186B38A56ACA440591ED /* Pods-AgoraEntScenarios.debug.xcconfig */ = {isa = PBXFileReference; includeInIndex = 1; lastKnownFileType = text.xcconfig; name = "Pods-AgoraEntScenarios.debug.xcconfig"; path = "Target Support Files/Pods-AgoraEntScenarios/Pods-AgoraEntScenarios.debug.xcconfig"; sourceTree = "<group>"; };
		563C78B601810D421A3F783A /* Pods-AgoraEntScenarios.release.xcconfig */ = {isa = PBXFileReference; includeInIndex = 1; lastKnownFileType = text.xcconfig; name = "Pods-AgoraEntScenarios.release.xcconfig"; path = "Target Support Files/Pods-AgoraEntScenarios/Pods-AgoraEntScenarios.release.xcconfig"; sourceTree = "<group>"; };
		DD220BC1295B340A00F57F30 /* MenuUtils.h */ = {isa = PBXFileReference; fileEncoding = 4; lastKnownFileType = sourcecode.c.h; path = MenuUtils.h; sourceTree = "<group>"; };
		DD227ECB2BE9CF3B00013A18 /* PrivacyInfo.xcprivacy */ = {isa = PBXFileReference; lastKnownFileType = text.xml; path = PrivacyInfo.xcprivacy; sourceTree = "<group>"; };
		DD2A43C728FFCEE7004CEDCF /* AgoraEntScenarios.app */ = {isa = PBXFileReference; explicitFileType = wrapper.application; includeInIndex = 0; path = AgoraEntScenarios.app; sourceTree = BUILT_PRODUCTS_DIR; };
		DD2A43CA28FFCEE7004CEDCF /* AppDelegate.swift */ = {isa = PBXFileReference; lastKnownFileType = sourcecode.swift; path = AppDelegate.swift; sourceTree = "<group>"; };
		DD2A43CE28FFCEE7004CEDCF /* ViewController.swift */ = {isa = PBXFileReference; lastKnownFileType = sourcecode.swift; path = ViewController.swift; sourceTree = "<group>"; };
		DD2A43D128FFCEE7004CEDCF /* Base */ = {isa = PBXFileReference; lastKnownFileType = file.storyboard; name = Base; path = Base.lproj/Main.storyboard; sourceTree = "<group>"; };
		DD2A43D328FFCEE7004CEDCF /* Assets.xcassets */ = {isa = PBXFileReference; lastKnownFileType = folder.assetcatalog; path = Assets.xcassets; sourceTree = "<group>"; };
		DD2A43D628FFCEE7004CEDCF /* Base */ = {isa = PBXFileReference; lastKnownFileType = file.storyboard; name = Base; path = Base.lproj/LaunchScreen.storyboard; sourceTree = "<group>"; };
		DD2A43DD28FFCEE7004CEDCF /* AgoraEntScenariosTests.xctest */ = {isa = PBXFileReference; explicitFileType = wrapper.cfbundle; includeInIndex = 0; path = AgoraEntScenariosTests.xctest; sourceTree = BUILT_PRODUCTS_DIR; };
		DD2A43E128FFCEE7004CEDCF /* AgoraEntScenariosTests.swift */ = {isa = PBXFileReference; lastKnownFileType = sourcecode.swift; path = AgoraEntScenariosTests.swift; sourceTree = "<group>"; };
		DD2A43E728FFCEE7004CEDCF /* AgoraEntScenariosUITests.xctest */ = {isa = PBXFileReference; explicitFileType = wrapper.cfbundle; includeInIndex = 0; path = AgoraEntScenariosUITests.xctest; sourceTree = BUILT_PRODUCTS_DIR; };
		DD2A43EB28FFCEE7004CEDCF /* AgoraEntScenariosUITests.swift */ = {isa = PBXFileReference; lastKnownFileType = sourcecode.swift; path = AgoraEntScenariosUITests.swift; sourceTree = "<group>"; };
		DD2A43ED28FFCEE7004CEDCF /* AgoraEntScenariosUITestsLaunchTests.swift */ = {isa = PBXFileReference; lastKnownFileType = sourcecode.swift; path = AgoraEntScenariosUITestsLaunchTests.swift; sourceTree = "<group>"; };
		DD3610CC29B70F3300CE7984 /* VLMineSwitchCell.swift */ = {isa = PBXFileReference; fileEncoding = 4; lastKnownFileType = sourcecode.swift; path = VLMineSwitchCell.swift; sourceTree = "<group>"; };
		DD3610CE29B70F3800CE7984 /* VLMineCellModel.h */ = {isa = PBXFileReference; fileEncoding = 4; lastKnownFileType = sourcecode.c.h; path = VLMineCellModel.h; sourceTree = "<group>"; };
		DD3610CF29B70F3800CE7984 /* VLMineCellModel.m */ = {isa = PBXFileReference; fileEncoding = 4; lastKnownFileType = sourcecode.c.objc; path = VLMineCellModel.m; sourceTree = "<group>"; };
		DD619C0329E3E81D008F63E4 /* AboutAgoraEntertainmentViewController.swift */ = {isa = PBXFileReference; fileEncoding = 4; lastKnownFileType = sourcecode.swift; path = AboutAgoraEntertainmentViewController.swift; sourceTree = "<group>"; };
		DD619C0529E3E84C008F63E4 /* SceneVersionCell.swift */ = {isa = PBXFileReference; fileEncoding = 4; lastKnownFileType = sourcecode.swift; path = SceneVersionCell.swift; sourceTree = "<group>"; };
		DD619C0629E3E84C008F63E4 /* AboutAgoraHeader.swift */ = {isa = PBXFileReference; fileEncoding = 4; lastKnownFileType = sourcecode.swift; path = AboutAgoraHeader.swift; sourceTree = "<group>"; };
		DD619C0729E3E84C008F63E4 /* ContactInfoCell.swift */ = {isa = PBXFileReference; fileEncoding = 4; lastKnownFileType = sourcecode.swift; path = ContactInfoCell.swift; sourceTree = "<group>"; };
		DD84168729090C520026B624 /* index.html */ = {isa = PBXFileReference; fileEncoding = 4; lastKnownFileType = text.html; path = index.html; sourceTree = "<group>"; };
		DD84168929090C520026B624 /* util.js */ = {isa = PBXFileReference; fileEncoding = 4; lastKnownFileType = sourcecode.javascript; path = util.js; sourceTree = "<group>"; };
		DD84168B29090C520026B624 /* intro.css */ = {isa = PBXFileReference; fileEncoding = 4; lastKnownFileType = text.css; path = intro.css; sourceTree = "<group>"; };
		DD84168C29090C520026B624 /* public.css */ = {isa = PBXFileReference; fileEncoding = 4; lastKnownFileType = text.css; path = public.css; sourceTree = "<group>"; };
		DD84168D29090C520026B624 /* index.js */ = {isa = PBXFileReference; fileEncoding = 4; lastKnownFileType = sourcecode.javascript; path = index.js; sourceTree = "<group>"; };
		DD84168F29090C520026B624 /* tab_profile.png */ = {isa = PBXFileReference; lastKnownFileType = image.png; path = tab_profile.png; sourceTree = "<group>"; };
		DD84169029090C520026B624 /* ic_back_b.png */ = {isa = PBXFileReference; lastKnownFileType = image.png; path = ic_back_b.png; sourceTree = "<group>"; };
		DD84169129090C520026B624 /* banner1.png */ = {isa = PBXFileReference; lastKnownFileType = image.png; path = banner1.png; sourceTree = "<group>"; };
		DD84169229090C520026B624 /* ic_k.png */ = {isa = PBXFileReference; lastKnownFileType = image.png; path = ic_k.png; sourceTree = "<group>"; };
		DD84169329090C520026B624 /* tab_home.png */ = {isa = PBXFileReference; lastKnownFileType = image.png; path = tab_home.png; sourceTree = "<group>"; };
		DD84169429090C520026B624 /* ic_game.png */ = {isa = PBXFileReference; lastKnownFileType = image.png; path = ic_game.png; sourceTree = "<group>"; };
		DD84169529090C520026B624 /* bg_index.png */ = {isa = PBXFileReference; lastKnownFileType = image.png; path = bg_index.png; sourceTree = "<group>"; };
		DD84169629090C520026B624 /* tab_discover.png */ = {isa = PBXFileReference; lastKnownFileType = image.png; path = tab_discover.png; sourceTree = "<group>"; };
		DD84169729090C520026B624 /* ic_live.png */ = {isa = PBXFileReference; lastKnownFileType = image.png; path = ic_live.png; sourceTree = "<group>"; };
		DD84169829090C520026B624 /* ic_back.png */ = {isa = PBXFileReference; lastKnownFileType = image.png; path = ic_back.png; sourceTree = "<group>"; };
		DD84169929090C520026B624 /* ic_play.png */ = {isa = PBXFileReference; lastKnownFileType = image.png; path = ic_play.png; sourceTree = "<group>"; };
		DD84169A29090C520026B624 /* ic_chat.png */ = {isa = PBXFileReference; lastKnownFileType = image.png; path = ic_chat.png; sourceTree = "<group>"; };
		DD84169B29090C520026B624 /* product2.png */ = {isa = PBXFileReference; lastKnownFileType = image.png; path = product2.png; sourceTree = "<group>"; };
		DD84169C29090C520026B624 /* product3.png */ = {isa = PBXFileReference; lastKnownFileType = image.png; path = product3.png; sourceTree = "<group>"; };
		DD84169D29090C520026B624 /* product1.png */ = {isa = PBXFileReference; lastKnownFileType = image.png; path = product1.png; sourceTree = "<group>"; };
		DD84169E29090C520026B624 /* product4.png */ = {isa = PBXFileReference; lastKnownFileType = image.png; path = product4.png; sourceTree = "<group>"; };
		DD8416A129090C520026B624 /* entertainment.html */ = {isa = PBXFileReference; fileEncoding = 4; lastKnownFileType = text.html; path = entertainment.html; sourceTree = "<group>"; };
		DD8416A229090C520026B624 /* entertainment.js */ = {isa = PBXFileReference; fileEncoding = 4; lastKnownFileType = sourcecode.javascript; path = entertainment.js; sourceTree = "<group>"; };
		DD8416A429090C520026B624 /* product.html */ = {isa = PBXFileReference; fileEncoding = 4; lastKnownFileType = text.html; path = product.html; sourceTree = "<group>"; };
		DD8416A529090C520026B624 /* product.js */ = {isa = PBXFileReference; fileEncoding = 4; lastKnownFileType = sourcecode.javascript; path = product.js; sourceTree = "<group>"; };
		DD8416A829090C520026B624 /* VLHomeViewController.m */ = {isa = PBXFileReference; fileEncoding = 4; lastKnownFileType = sourcecode.c.objc; path = VLHomeViewController.m; sourceTree = "<group>"; };
		DD8416A929090C520026B624 /* VLHomeItemView.m */ = {isa = PBXFileReference; fileEncoding = 4; lastKnownFileType = sourcecode.c.objc; path = VLHomeItemView.m; sourceTree = "<group>"; };
		DD8416AA29090C520026B624 /* VLHomeItemModel.m */ = {isa = PBXFileReference; fileEncoding = 4; lastKnownFileType = sourcecode.c.objc; path = VLHomeItemModel.m; sourceTree = "<group>"; };
		DD8416AB29090C520026B624 /* VLHomeView.h */ = {isa = PBXFileReference; fileEncoding = 4; lastKnownFileType = sourcecode.c.h; path = VLHomeView.h; sourceTree = "<group>"; };
		DD8416AC29090C520026B624 /* VLHomeItemView.h */ = {isa = PBXFileReference; fileEncoding = 4; lastKnownFileType = sourcecode.c.h; path = VLHomeItemView.h; sourceTree = "<group>"; };
		DD8416AD29090C520026B624 /* VLHomeItemModel.h */ = {isa = PBXFileReference; fileEncoding = 4; lastKnownFileType = sourcecode.c.h; path = VLHomeItemModel.h; sourceTree = "<group>"; };
		DD8416AE29090C520026B624 /* VLHomeViewController.h */ = {isa = PBXFileReference; fileEncoding = 4; lastKnownFileType = sourcecode.c.h; path = VLHomeViewController.h; sourceTree = "<group>"; };
		DD8416AF29090C520026B624 /* VLHomeView.m */ = {isa = PBXFileReference; fileEncoding = 4; lastKnownFileType = sourcecode.c.objc; path = VLHomeView.m; sourceTree = "<group>"; };
		DD8416B029090C520026B624 /* UIWindow+Router.m */ = {isa = PBXFileReference; fileEncoding = 4; lastKnownFileType = sourcecode.c.objc; path = "UIWindow+Router.m"; sourceTree = "<group>"; };
		DD8416B329090C520026B624 /* VLDiscoveryHeaderView.m */ = {isa = PBXFileReference; fileEncoding = 4; lastKnownFileType = sourcecode.c.objc; path = VLDiscoveryHeaderView.m; sourceTree = "<group>"; };
		DD8416B429090C520026B624 /* VLDiscoveryView.h */ = {isa = PBXFileReference; fileEncoding = 4; lastKnownFileType = sourcecode.c.h; path = VLDiscoveryView.h; sourceTree = "<group>"; };
		DD8416B529090C520026B624 /* VLDiscoveryItemTCell.m */ = {isa = PBXFileReference; fileEncoding = 4; lastKnownFileType = sourcecode.c.objc; path = VLDiscoveryItemTCell.m; sourceTree = "<group>"; };
		DD8416B629090C520026B624 /* VLAmusementTCell.h */ = {isa = PBXFileReference; fileEncoding = 4; lastKnownFileType = sourcecode.c.h; path = VLAmusementTCell.h; sourceTree = "<group>"; };
		DD8416B729090C520026B624 /* VLDiscoveryHeaderView.h */ = {isa = PBXFileReference; fileEncoding = 4; lastKnownFileType = sourcecode.c.h; path = VLDiscoveryHeaderView.h; sourceTree = "<group>"; };
		DD8416B829090C520026B624 /* VLDiscoveryView.m */ = {isa = PBXFileReference; fileEncoding = 4; lastKnownFileType = sourcecode.c.objc; path = VLDiscoveryView.m; sourceTree = "<group>"; };
		DD8416B929090C520026B624 /* VLAmusementTCell.m */ = {isa = PBXFileReference; fileEncoding = 4; lastKnownFileType = sourcecode.c.objc; path = VLAmusementTCell.m; sourceTree = "<group>"; };
		DD8416BA29090C520026B624 /* VLDiscoveryItemTCell.h */ = {isa = PBXFileReference; fileEncoding = 4; lastKnownFileType = sourcecode.c.h; path = VLDiscoveryItemTCell.h; sourceTree = "<group>"; };
		DD8416BC29090C520026B624 /* VLDiscoveryViewController.m */ = {isa = PBXFileReference; fileEncoding = 4; lastKnownFileType = sourcecode.c.objc; path = VLDiscoveryViewController.m; sourceTree = "<group>"; };
		DD8416BD29090C520026B624 /* VLDiscoveryViewController.h */ = {isa = PBXFileReference; fileEncoding = 4; lastKnownFileType = sourcecode.c.h; path = VLDiscoveryViewController.h; sourceTree = "<group>"; };
		DD8416C029090C520026B624 /* VLUploadImageResModel.h */ = {isa = PBXFileReference; fileEncoding = 4; lastKnownFileType = sourcecode.c.h; path = VLUploadImageResModel.h; sourceTree = "<group>"; };
		DD8416C129090C520026B624 /* VLUploadImageResModel.m */ = {isa = PBXFileReference; fileEncoding = 4; lastKnownFileType = sourcecode.c.objc; path = VLUploadImageResModel.m; sourceTree = "<group>"; };
		DD8416C329090C520026B624 /* VLMineView.m */ = {isa = PBXFileReference; fileEncoding = 4; lastKnownFileType = sourcecode.c.objc; path = VLMineView.m; sourceTree = "<group>"; };
		DD8416C429090C520026B624 /* VLMineTCell.m */ = {isa = PBXFileReference; fileEncoding = 4; lastKnownFileType = sourcecode.c.objc; path = VLMineTCell.m; sourceTree = "<group>"; };
		DD8416C529090C520026B624 /* VLMineView.h */ = {isa = PBXFileReference; fileEncoding = 4; lastKnownFileType = sourcecode.c.h; path = VLMineView.h; sourceTree = "<group>"; };
		DD8416C629090C520026B624 /* VLMineTCell.h */ = {isa = PBXFileReference; fileEncoding = 4; lastKnownFileType = sourcecode.c.h; path = VLMineTCell.h; sourceTree = "<group>"; };
		DD8416C829090C520026B624 /* VLMineViewController.h */ = {isa = PBXFileReference; fileEncoding = 4; lastKnownFileType = sourcecode.c.h; path = VLMineViewController.h; sourceTree = "<group>"; };
		DD8416C929090C520026B624 /* VLMineViewController.m */ = {isa = PBXFileReference; fileEncoding = 4; lastKnownFileType = sourcecode.c.objc; path = VLMineViewController.m; sourceTree = "<group>"; };
		DD8416CB29090C520026B624 /* VLMainTabBarController.m */ = {isa = PBXFileReference; fileEncoding = 4; lastKnownFileType = sourcecode.c.objc; path = VLMainTabBarController.m; sourceTree = "<group>"; };
		DD8416CC29090C520026B624 /* VLMainRootViewController.h */ = {isa = PBXFileReference; fileEncoding = 4; lastKnownFileType = sourcecode.c.h; path = VLMainRootViewController.h; sourceTree = "<group>"; };
		DD8416CD29090C520026B624 /* VLMainTabBarController.h */ = {isa = PBXFileReference; fileEncoding = 4; lastKnownFileType = sourcecode.c.h; path = VLMainTabBarController.h; sourceTree = "<group>"; };
		DD8416CE29090C520026B624 /* VLMainRootViewController.m */ = {isa = PBXFileReference; fileEncoding = 4; lastKnownFileType = sourcecode.c.objc; path = VLMainRootViewController.m; sourceTree = "<group>"; };
		DD8416CF29090C520026B624 /* UIWindow+Router.h */ = {isa = PBXFileReference; fileEncoding = 4; lastKnownFileType = sourcecode.c.h; path = "UIWindow+Router.h"; sourceTree = "<group>"; };
		DDDDDA2928FFD5DD005F4E8B /* AgoraEntScenarios-Bridging-Header.h */ = {isa = PBXFileReference; lastKnownFileType = sourcecode.c.h; path = "AgoraEntScenarios-Bridging-Header.h"; sourceTree = "<group>"; };
		DDDDDA2D28FFD78B005F4E8B /* KeyCenter.swift */ = {isa = PBXFileReference; fileEncoding = 4; lastKnownFileType = sourcecode.swift; path = KeyCenter.swift; sourceTree = "<group>"; };
		E358F7F72934925F00A7EBD1 /* zh-Hans */ = {isa = PBXFileReference; lastKnownFileType = text.plist.strings; name = "zh-Hans"; path = "zh-Hans.lproj/Main.strings"; sourceTree = "<group>"; };
		E358F7F82934925F00A7EBD1 /* zh-Hans */ = {isa = PBXFileReference; lastKnownFileType = text.plist.strings; name = "zh-Hans"; path = "zh-Hans.lproj/LaunchScreen.strings"; sourceTree = "<group>"; };
		E358F7FC293493AD00A7EBD1 /* Info.plist */ = {isa = PBXFileReference; fileEncoding = 4; lastKnownFileType = text.plist.xml; path = Info.plist; sourceTree = "<group>"; };
		E358F801293494BC00A7EBD1 /* en */ = {isa = PBXFileReference; lastKnownFileType = text.plist.strings; name = en; path = en.lproj/InfoPlist.strings; sourceTree = "<group>"; };
		E36EC8BB2A6680F60089A374 /* en */ = {isa = PBXFileReference; lastKnownFileType = text.plist.strings; name = en; path = en.lproj/Localizable.strings; sourceTree = "<group>"; };
		E72F624C2A8097DF00C963D2 /* VLLoginViewController.swift */ = {isa = PBXFileReference; lastKnownFileType = sourcecode.swift; path = VLLoginViewController.swift; sourceTree = "<group>"; };
		F70CAB7E2C75D823000B0F61 /* DebugModeViewController.swift */ = {isa = PBXFileReference; lastKnownFileType = sourcecode.swift; path = DebugModeViewController.swift; sourceTree = "<group>"; };
		FA1922429382BABB488B6495 /* Pods_AgoraEntScenarios.framework */ = {isa = PBXFileReference; explicitFileType = wrapper.framework; includeInIndex = 0; path = Pods_AgoraEntScenarios.framework; sourceTree = BUILT_PRODUCTS_DIR; };
/* End PBXFileReference section */

/* Begin PBXFrameworksBuildPhase section */
		DD2A43C428FFCEE7004CEDCF /* Frameworks */ = {
			isa = PBXFrameworksBuildPhase;
			buildActionMask = 2147483647;
			files = (
				BF370B5409C9BBA693EEFB80 /* Pods_AgoraEntScenarios.framework in Frameworks */,
			);
			runOnlyForDeploymentPostprocessing = 0;
		};
		DD2A43DA28FFCEE7004CEDCF /* Frameworks */ = {
			isa = PBXFrameworksBuildPhase;
			buildActionMask = 2147483647;
			files = (
			);
			runOnlyForDeploymentPostprocessing = 0;
		};
		DD2A43E428FFCEE7004CEDCF /* Frameworks */ = {
			isa = PBXFrameworksBuildPhase;
			buildActionMask = 2147483647;
			files = (
			);
			runOnlyForDeploymentPostprocessing = 0;
		};
/* End PBXFrameworksBuildPhase section */

/* Begin PBXGroup section */
		053998C0290A81DC005143C7 /* Cells */ = {
			isa = PBXGroup;
			children = (
				053998C4290A83E0005143C7 /* HomeMenuCell.swift */,
			);
			path = Cells;
			sourceTree = "<group>";
		};
		2EB00036923349BE247126CF /* Pods */ = {
			isa = PBXGroup;
			children = (
				4A3B186B38A56ACA440591ED /* Pods-AgoraEntScenarios.debug.xcconfig */,
				563C78B601810D421A3F783A /* Pods-AgoraEntScenarios.release.xcconfig */,
			);
			path = Pods;
			sourceTree = "<group>";
		};
		7DA7DCDFD58495527BB462D0 /* Frameworks */ = {
			isa = PBXGroup;
			children = (
				FA1922429382BABB488B6495 /* Pods_AgoraEntScenarios.framework */,
			);
			name = Frameworks;
			sourceTree = "<group>";
		};
		DD2A43BE28FFCEE7004CEDCF = {
			isa = PBXGroup;
			children = (
				DD2A43C928FFCEE7004CEDCF /* AgoraEntScenarios */,
				DD2A43E028FFCEE7004CEDCF /* AgoraEntScenariosTests */,
				DD2A43EA28FFCEE7004CEDCF /* AgoraEntScenariosUITests */,
				DD2A43C828FFCEE7004CEDCF /* Products */,
				2EB00036923349BE247126CF /* Pods */,
				7DA7DCDFD58495527BB462D0 /* Frameworks */,
			);
			sourceTree = "<group>";
		};
		DD2A43C828FFCEE7004CEDCF /* Products */ = {
			isa = PBXGroup;
			children = (
				DD2A43C728FFCEE7004CEDCF /* AgoraEntScenarios.app */,
				DD2A43DD28FFCEE7004CEDCF /* AgoraEntScenariosTests.xctest */,
				DD2A43E728FFCEE7004CEDCF /* AgoraEntScenariosUITests.xctest */,
			);
			name = Products;
			sourceTree = "<group>";
		};
		DD2A43C928FFCEE7004CEDCF /* AgoraEntScenarios */ = {
			isa = PBXGroup;
			children = (
				DDDDDA2D28FFD78B005F4E8B /* KeyCenter.swift */,
				DD8416A629090C520026B624 /* HomeMenu */,
				DD8416E429090C520026B624 /* Scenes */,
				DD2A43CA28FFCEE7004CEDCF /* AppDelegate.swift */,
				DD2A43CE28FFCEE7004CEDCF /* ViewController.swift */,
				DD2A43D028FFCEE7004CEDCF /* Main.storyboard */,
				DD2A43D328FFCEE7004CEDCF /* Assets.xcassets */,
				E358F7FC293493AD00A7EBD1 /* Info.plist */,
				DD84168629090C520026B624 /* Resource */,
				DD2A43D528FFCEE7004CEDCF /* LaunchScreen.storyboard */,
				DDDDDA2928FFD5DD005F4E8B /* AgoraEntScenarios-Bridging-Header.h */,
				E358F802293494BC00A7EBD1 /* InfoPlist.strings */,
				DD227ECB2BE9CF3B00013A18 /* PrivacyInfo.xcprivacy */,
			);
			path = AgoraEntScenarios;
			sourceTree = "<group>";
		};
		DD2A43E028FFCEE7004CEDCF /* AgoraEntScenariosTests */ = {
			isa = PBXGroup;
			children = (
				DD2A43E128FFCEE7004CEDCF /* AgoraEntScenariosTests.swift */,
			);
			path = AgoraEntScenariosTests;
			sourceTree = "<group>";
		};
		DD2A43EA28FFCEE7004CEDCF /* AgoraEntScenariosUITests */ = {
			isa = PBXGroup;
			children = (
				DD2A43EB28FFCEE7004CEDCF /* AgoraEntScenariosUITests.swift */,
				DD2A43ED28FFCEE7004CEDCF /* AgoraEntScenariosUITestsLaunchTests.swift */,
			);
			path = AgoraEntScenariosUITests;
			sourceTree = "<group>";
		};
		DD84168629090C520026B624 /* Resource */ = {
			isa = PBXGroup;
			children = (
				DD84168729090C520026B624 /* index.html */,
				DD84168829090C520026B624 /* util */,
				DD84168A29090C520026B624 /* css */,
				DD84168D29090C520026B624 /* index.js */,
				DD84168E29090C520026B624 /* img */,
				DD84169F29090C520026B624 /* pages */,
				E36EC8BC2A6680F60089A374 /* Localizable.strings */,
			);
			path = Resource;
			sourceTree = "<group>";
		};
		DD84168829090C520026B624 /* util */ = {
			isa = PBXGroup;
			children = (
				DD84168929090C520026B624 /* util.js */,
			);
			path = util;
			sourceTree = "<group>";
		};
		DD84168A29090C520026B624 /* css */ = {
			isa = PBXGroup;
			children = (
				DD84168B29090C520026B624 /* intro.css */,
				DD84168C29090C520026B624 /* public.css */,
			);
			path = css;
			sourceTree = "<group>";
		};
		DD84168E29090C520026B624 /* img */ = {
			isa = PBXGroup;
			children = (
				DD84168F29090C520026B624 /* tab_profile.png */,
				DD84169029090C520026B624 /* ic_back_b.png */,
				DD84169129090C520026B624 /* banner1.png */,
				DD84169229090C520026B624 /* ic_k.png */,
				DD84169329090C520026B624 /* tab_home.png */,
				DD84169429090C520026B624 /* ic_game.png */,
				DD84169529090C520026B624 /* bg_index.png */,
				DD84169629090C520026B624 /* tab_discover.png */,
				DD84169729090C520026B624 /* ic_live.png */,
				DD84169829090C520026B624 /* ic_back.png */,
				DD84169929090C520026B624 /* ic_play.png */,
				DD84169A29090C520026B624 /* ic_chat.png */,
				DD84169B29090C520026B624 /* product2.png */,
				DD84169C29090C520026B624 /* product3.png */,
				DD84169D29090C520026B624 /* product1.png */,
				DD84169E29090C520026B624 /* product4.png */,
			);
			path = img;
			sourceTree = "<group>";
		};
		DD84169F29090C520026B624 /* pages */ = {
			isa = PBXGroup;
			children = (
				DD8416A029090C520026B624 /* entertainment */,
				DD8416A329090C520026B624 /* product */,
			);
			path = pages;
			sourceTree = "<group>";
		};
		DD8416A029090C520026B624 /* entertainment */ = {
			isa = PBXGroup;
			children = (
				DD8416A129090C520026B624 /* entertainment.html */,
				DD8416A229090C520026B624 /* entertainment.js */,
			);
			path = entertainment;
			sourceTree = "<group>";
		};
		DD8416A329090C520026B624 /* product */ = {
			isa = PBXGroup;
			children = (
				DD8416A429090C520026B624 /* product.html */,
				DD8416A529090C520026B624 /* product.js */,
			);
			path = product;
			sourceTree = "<group>";
		};
		DD8416A629090C520026B624 /* HomeMenu */ = {
			isa = PBXGroup;
			children = (
				DD220BC1295B340A00F57F30 /* MenuUtils.h */,
				DD8416CF29090C520026B624 /* UIWindow+Router.h */,
				DD8416B029090C520026B624 /* UIWindow+Router.m */,
				DD8416A729090C520026B624 /* Home */,
				DD8416B129090C520026B624 /* Discovery */,
				DD8416BE29090C520026B624 /* Mine */,
				DD8416CA29090C520026B624 /* Main */,
				DD8416D029090C520026B624 /* Login */,
			);
			path = HomeMenu;
			sourceTree = "<group>";
		};
		DD8416A729090C520026B624 /* Home */ = {
			isa = PBXGroup;
			children = (
				053998C0290A81DC005143C7 /* Cells */,
				DD8416A829090C520026B624 /* VLHomeViewController.m */,
				DD8416A929090C520026B624 /* VLHomeItemView.m */,
				DD8416AA29090C520026B624 /* VLHomeItemModel.m */,
				DD8416AB29090C520026B624 /* VLHomeView.h */,
				DD8416AC29090C520026B624 /* VLHomeItemView.h */,
				DD8416AD29090C520026B624 /* VLHomeItemModel.h */,
				DD8416AE29090C520026B624 /* VLHomeViewController.h */,
				DD8416AF29090C520026B624 /* VLHomeView.m */,
			);
			path = Home;
			sourceTree = "<group>";
		};
		DD8416B129090C520026B624 /* Discovery */ = {
			isa = PBXGroup;
			children = (
				DD8416B229090C520026B624 /* View */,
				DD8416BB29090C520026B624 /* ViewController */,
			);
			path = Discovery;
			sourceTree = "<group>";
		};
		DD8416B229090C520026B624 /* View */ = {
			isa = PBXGroup;
			children = (
				DD8416B329090C520026B624 /* VLDiscoveryHeaderView.m */,
				DD8416B429090C520026B624 /* VLDiscoveryView.h */,
				DD8416B529090C520026B624 /* VLDiscoveryItemTCell.m */,
				DD8416B629090C520026B624 /* VLAmusementTCell.h */,
				DD8416B729090C520026B624 /* VLDiscoveryHeaderView.h */,
				DD8416B829090C520026B624 /* VLDiscoveryView.m */,
				DD8416B929090C520026B624 /* VLAmusementTCell.m */,
				DD8416BA29090C520026B624 /* VLDiscoveryItemTCell.h */,
			);
			path = View;
			sourceTree = "<group>";
		};
		DD8416BB29090C520026B624 /* ViewController */ = {
			isa = PBXGroup;
			children = (
				DD8416BC29090C520026B624 /* VLDiscoveryViewController.m */,
				DD8416BD29090C520026B624 /* VLDiscoveryViewController.h */,
			);
			path = ViewController;
			sourceTree = "<group>";
		};
		DD8416BE29090C520026B624 /* Mine */ = {
			isa = PBXGroup;
			children = (
				DD8416BF29090C520026B624 /* Model */,
				DD8416C229090C520026B624 /* View */,
				DD8416C729090C520026B624 /* ViewController */,
			);
			path = Mine;
			sourceTree = "<group>";
		};
		DD8416BF29090C520026B624 /* Model */ = {
			isa = PBXGroup;
			children = (
				DD3610CE29B70F3800CE7984 /* VLMineCellModel.h */,
				DD3610CF29B70F3800CE7984 /* VLMineCellModel.m */,
				DD8416C029090C520026B624 /* VLUploadImageResModel.h */,
				DD8416C129090C520026B624 /* VLUploadImageResModel.m */,
			);
			path = Model;
			sourceTree = "<group>";
		};
		DD8416C229090C520026B624 /* View */ = {
			isa = PBXGroup;
			children = (
				DD619C0629E3E84C008F63E4 /* AboutAgoraHeader.swift */,
				DD619C0729E3E84C008F63E4 /* ContactInfoCell.swift */,
				DD619C0529E3E84C008F63E4 /* SceneVersionCell.swift */,
				DD3610CC29B70F3300CE7984 /* VLMineSwitchCell.swift */,
				DD8416C329090C520026B624 /* VLMineView.m */,
				DD8416C429090C520026B624 /* VLMineTCell.m */,
				DD8416C529090C520026B624 /* VLMineView.h */,
				DD8416C629090C520026B624 /* VLMineTCell.h */,
			);
			path = View;
			sourceTree = "<group>";
		};
		DD8416C729090C520026B624 /* ViewController */ = {
			isa = PBXGroup;
			children = (
				DD619C0329E3E81D008F63E4 /* AboutAgoraEntertainmentViewController.swift */,
				DD8416C829090C520026B624 /* VLMineViewController.h */,
				DD8416C929090C520026B624 /* VLMineViewController.m */,
				F70CAB7E2C75D823000B0F61 /* DebugModeViewController.swift */,
			);
			path = ViewController;
			sourceTree = "<group>";
		};
		DD8416CA29090C520026B624 /* Main */ = {
			isa = PBXGroup;
			children = (
				DD8416CB29090C520026B624 /* VLMainTabBarController.m */,
				DD8416CC29090C520026B624 /* VLMainRootViewController.h */,
				DD8416CD29090C520026B624 /* VLMainTabBarController.h */,
				DD8416CE29090C520026B624 /* VLMainRootViewController.m */,
			);
			path = Main;
			sourceTree = "<group>";
		};
		DD8416D029090C520026B624 /* Login */ = {
			isa = PBXGroup;
			children = (
				DD8416D129090C520026B624 /* Controller */,
			);
			path = Login;
			sourceTree = "<group>";
		};
		DD8416D129090C520026B624 /* Controller */ = {
			isa = PBXGroup;
			children = (
				E72F624C2A8097DF00C963D2 /* VLLoginViewController.swift */,
			);
			path = Controller;
			sourceTree = "<group>";
		};
		DD8416E429090C520026B624 /* Scenes */ = {
			isa = PBXGroup;
			children = (
			);
			path = Scenes;
			sourceTree = "<group>";
		};
/* End PBXGroup section */

/* Begin PBXNativeTarget section */
		DD2A43C628FFCEE7004CEDCF /* AgoraEntScenarios */ = {
			isa = PBXNativeTarget;
			buildConfigurationList = DD2A43F128FFCEE7004CEDCF /* Build configuration list for PBXNativeTarget "AgoraEntScenarios" */;
			buildPhases = (
				C928B35B34CF50A54FF97751 /* [CP] Check Pods Manifest.lock */,
				DD2A43C328FFCEE7004CEDCF /* Sources */,
				DD2A43C428FFCEE7004CEDCF /* Frameworks */,
				DD2A43C528FFCEE7004CEDCF /* Resources */,
				AD4E4CC20B1F880834B4962F /* [CP] Embed Pods Frameworks */,
				D0C112A11886F1B3495E06CE /* [CP] Copy Pods Resources */,
			);
			buildRules = (
			);
			dependencies = (
			);
			name = AgoraEntScenarios;
			productName = AgoraEntScenarios;
			productReference = DD2A43C728FFCEE7004CEDCF /* AgoraEntScenarios.app */;
			productType = "com.apple.product-type.application";
		};
		DD2A43DC28FFCEE7004CEDCF /* AgoraEntScenariosTests */ = {
			isa = PBXNativeTarget;
			buildConfigurationList = DD2A43F428FFCEE7004CEDCF /* Build configuration list for PBXNativeTarget "AgoraEntScenariosTests" */;
			buildPhases = (
				DD2A43D928FFCEE7004CEDCF /* Sources */,
				DD2A43DA28FFCEE7004CEDCF /* Frameworks */,
				DD2A43DB28FFCEE7004CEDCF /* Resources */,
			);
			buildRules = (
			);
			dependencies = (
				DD2A43DF28FFCEE7004CEDCF /* PBXTargetDependency */,
			);
			name = AgoraEntScenariosTests;
			productName = AgoraEntScenariosTests;
			productReference = DD2A43DD28FFCEE7004CEDCF /* AgoraEntScenariosTests.xctest */;
			productType = "com.apple.product-type.bundle.unit-test";
		};
		DD2A43E628FFCEE7004CEDCF /* AgoraEntScenariosUITests */ = {
			isa = PBXNativeTarget;
			buildConfigurationList = DD2A43F728FFCEE7004CEDCF /* Build configuration list for PBXNativeTarget "AgoraEntScenariosUITests" */;
			buildPhases = (
				DD2A43E328FFCEE7004CEDCF /* Sources */,
				DD2A43E428FFCEE7004CEDCF /* Frameworks */,
				DD2A43E528FFCEE7004CEDCF /* Resources */,
			);
			buildRules = (
			);
			dependencies = (
				DD2A43E928FFCEE7004CEDCF /* PBXTargetDependency */,
			);
			name = AgoraEntScenariosUITests;
			productName = AgoraEntScenariosUITests;
			productReference = DD2A43E728FFCEE7004CEDCF /* AgoraEntScenariosUITests.xctest */;
			productType = "com.apple.product-type.bundle.ui-testing";
		};
/* End PBXNativeTarget section */

/* Begin PBXProject section */
		DD2A43BF28FFCEE7004CEDCF /* Project object */ = {
			isa = PBXProject;
			attributes = {
				BuildIndependentTargetsInParallel = 1;
				LastSwiftUpdateCheck = 1340;
				LastUpgradeCheck = 1340;
				TargetAttributes = {
					DD2A43C628FFCEE7004CEDCF = {
						CreatedOnToolsVersion = 13.4.1;
						LastSwiftMigration = 1340;
					};
					DD2A43DC28FFCEE7004CEDCF = {
						CreatedOnToolsVersion = 13.4.1;
						TestTargetID = DD2A43C628FFCEE7004CEDCF;
					};
					DD2A43E628FFCEE7004CEDCF = {
						CreatedOnToolsVersion = 13.4.1;
						TestTargetID = DD2A43C628FFCEE7004CEDCF;
					};
				};
			};
			buildConfigurationList = DD2A43C228FFCEE7004CEDCF /* Build configuration list for PBXProject "AgoraEntScenarios" */;
			compatibilityVersion = "Xcode 13.0";
			developmentRegion = en;
			hasScannedForEncodings = 0;
			knownRegions = (
				en,
				Base,
				"zh-Hans",
			);
			mainGroup = DD2A43BE28FFCEE7004CEDCF;
			productRefGroup = DD2A43C828FFCEE7004CEDCF /* Products */;
			projectDirPath = "";
			projectRoot = "";
			targets = (
				DD2A43C628FFCEE7004CEDCF /* AgoraEntScenarios */,
				DD2A43DC28FFCEE7004CEDCF /* AgoraEntScenariosTests */,
				DD2A43E628FFCEE7004CEDCF /* AgoraEntScenariosUITests */,
			);
		};
/* End PBXProject section */

/* Begin PBXResourcesBuildPhase section */
		DD2A43C528FFCEE7004CEDCF /* Resources */ = {
			isa = PBXResourcesBuildPhase;
			buildActionMask = 2147483647;
			files = (
				DD84176529090C520026B624 /* public.css in Resources */,
				DD84176429090C520026B624 /* intro.css in Resources */,
				DD84177229090C520026B624 /* ic_chat.png in Resources */,
				DD84176329090C520026B624 /* util.js in Resources */,
				DD84176C29090C520026B624 /* ic_game.png in Resources */,
				DD84176E29090C520026B624 /* tab_discover.png in Resources */,
				DD84177A29090C520026B624 /* product.js in Resources */,
				DD84177629090C520026B624 /* product4.png in Resources */,
				DD84177129090C520026B624 /* ic_play.png in Resources */,
				DD84177529090C520026B624 /* product1.png in Resources */,
				DD84176929090C520026B624 /* banner1.png in Resources */,
				DD84176B29090C520026B624 /* tab_home.png in Resources */,
				DD84176829090C520026B624 /* ic_back_b.png in Resources */,
				DD84177329090C520026B624 /* product2.png in Resources */,
				DD2A43D728FFCEE7004CEDCF /* LaunchScreen.storyboard in Resources */,
				DD84177929090C520026B624 /* product.html in Resources */,
				DD84177429090C520026B624 /* product3.png in Resources */,
				DD84177729090C520026B624 /* entertainment.html in Resources */,
				DD84176229090C520026B624 /* index.html in Resources */,
				DD2A43D428FFCEE7004CEDCF /* Assets.xcassets in Resources */,
				DD84177829090C520026B624 /* entertainment.js in Resources */,
				E358F800293494BC00A7EBD1 /* InfoPlist.strings in Resources */,
				DD84176729090C520026B624 /* tab_profile.png in Resources */,
				DD2A43D228FFCEE7004CEDCF /* Main.storyboard in Resources */,
				DD84176629090C520026B624 /* index.js in Resources */,
				DD84176A29090C520026B624 /* ic_k.png in Resources */,
				E36EC8BA2A6680F60089A374 /* Localizable.strings in Resources */,
				DD84176D29090C520026B624 /* bg_index.png in Resources */,
				DD84177029090C520026B624 /* ic_back.png in Resources */,
				DD84176F29090C520026B624 /* ic_live.png in Resources */,
			);
			runOnlyForDeploymentPostprocessing = 0;
		};
		DD2A43DB28FFCEE7004CEDCF /* Resources */ = {
			isa = PBXResourcesBuildPhase;
			buildActionMask = 2147483647;
			files = (
			);
			runOnlyForDeploymentPostprocessing = 0;
		};
		DD2A43E528FFCEE7004CEDCF /* Resources */ = {
			isa = PBXResourcesBuildPhase;
			buildActionMask = 2147483647;
			files = (
			);
			runOnlyForDeploymentPostprocessing = 0;
		};
/* End PBXResourcesBuildPhase section */

/* Begin PBXShellScriptBuildPhase section */
		AD4E4CC20B1F880834B4962F /* [CP] Embed Pods Frameworks */ = {
			isa = PBXShellScriptBuildPhase;
			buildActionMask = 2147483647;
			files = (
			);
			inputFileListPaths = (
				"${PODS_ROOT}/Target Support Files/Pods-AgoraEntScenarios/Pods-AgoraEntScenarios-frameworks-${CONFIGURATION}-input-files.xcfilelist",
			);
			name = "[CP] Embed Pods Frameworks";
			outputFileListPaths = (
				"${PODS_ROOT}/Target Support Files/Pods-AgoraEntScenarios/Pods-AgoraEntScenarios-frameworks-${CONFIGURATION}-output-files.xcfilelist",
			);
			runOnlyForDeploymentPostprocessing = 0;
			shellPath = /bin/sh;
			shellScript = "\"${PODS_ROOT}/Target Support Files/Pods-AgoraEntScenarios/Pods-AgoraEntScenarios-frameworks.sh\"\n";
			showEnvVarsInLog = 0;
		};
		C928B35B34CF50A54FF97751 /* [CP] Check Pods Manifest.lock */ = {
			isa = PBXShellScriptBuildPhase;
			buildActionMask = 2147483647;
			files = (
			);
			inputFileListPaths = (
			);
			inputPaths = (
				"${PODS_PODFILE_DIR_PATH}/Podfile.lock",
				"${PODS_ROOT}/Manifest.lock",
			);
			name = "[CP] Check Pods Manifest.lock";
			outputFileListPaths = (
			);
			outputPaths = (
				"$(DERIVED_FILE_DIR)/Pods-AgoraEntScenarios-checkManifestLockResult.txt",
			);
			runOnlyForDeploymentPostprocessing = 0;
			shellPath = /bin/sh;
			shellScript = "diff \"${PODS_PODFILE_DIR_PATH}/Podfile.lock\" \"${PODS_ROOT}/Manifest.lock\" > /dev/null\nif [ $? != 0 ] ; then\n    # print error to STDERR\n    echo \"error: The sandbox is not in sync with the Podfile.lock. Run 'pod install' or update your CocoaPods installation.\" >&2\n    exit 1\nfi\n# This output is used by Xcode 'outputs' to avoid re-running this script phase.\necho \"SUCCESS\" > \"${SCRIPT_OUTPUT_FILE_0}\"\n";
			showEnvVarsInLog = 0;
		};
		D0C112A11886F1B3495E06CE /* [CP] Copy Pods Resources */ = {
			isa = PBXShellScriptBuildPhase;
			buildActionMask = 2147483647;
			files = (
			);
			inputFileListPaths = (
				"${PODS_ROOT}/Target Support Files/Pods-AgoraEntScenarios/Pods-AgoraEntScenarios-resources-${CONFIGURATION}-input-files.xcfilelist",
			);
			name = "[CP] Copy Pods Resources";
			outputFileListPaths = (
				"${PODS_ROOT}/Target Support Files/Pods-AgoraEntScenarios/Pods-AgoraEntScenarios-resources-${CONFIGURATION}-output-files.xcfilelist",
			);
			runOnlyForDeploymentPostprocessing = 0;
			shellPath = /bin/sh;
			shellScript = "\"${PODS_ROOT}/Target Support Files/Pods-AgoraEntScenarios/Pods-AgoraEntScenarios-resources.sh\"\n";
			showEnvVarsInLog = 0;
		};
/* End PBXShellScriptBuildPhase section */

/* Begin PBXSourcesBuildPhase section */
		DD2A43C328FFCEE7004CEDCF /* Sources */ = {
			isa = PBXSourcesBuildPhase;
			buildActionMask = 2147483647;
			files = (
				DD619C0929E3E84D008F63E4 /* AboutAgoraHeader.swift in Sources */,
				DD619C0429E3E81D008F63E4 /* AboutAgoraEntertainmentViewController.swift in Sources */,
				DD3610CD29B70F3300CE7984 /* VLMineSwitchCell.swift in Sources */,
				DD84177C29090C520026B624 /* VLHomeItemView.m in Sources */,
				DD84177E29090C520026B624 /* VLHomeView.m in Sources */,
				DD84177D29090C520026B624 /* VLHomeItemModel.m in Sources */,
				DD84178429090C520026B624 /* VLDiscoveryViewController.m in Sources */,
				DD84177D29090C520026B624 /* VLHomeItemModel.m in Sources */,
				DD84178429090C520026B624 /* VLDiscoveryViewController.m in Sources */,
				F70CAB7F2C75D823000B0F61 /* DebugModeViewController.swift in Sources */,
				DD84178629090C520026B624 /* VLMineView.m in Sources */,
				DD2A43CF28FFCEE7004CEDCF /* ViewController.swift in Sources */,
				DD84178129090C520026B624 /* VLDiscoveryItemTCell.m in Sources */,
				DDDDDB9E28FFD78C005F4E8B /* KeyCenter.swift in Sources */,
				DD84177B29090C520026B624 /* VLHomeViewController.m in Sources */,
				053998C5290A83E0005143C7 /* HomeMenuCell.swift in Sources */,
				DD84178929090C520026B624 /* VLMainTabBarController.m in Sources */,
				E72F624D2A8097DF00C963D2 /* VLLoginViewController.swift in Sources */,
				E72F624D2A8097DF00C963D2 /* VLLoginViewController.swift in Sources */,
				DD619C0829E3E84D008F63E4 /* SceneVersionCell.swift in Sources */,
				DD84178829090C520026B624 /* VLMineViewController.m in Sources */,
				DD619C0A29E3E84D008F63E4 /* ContactInfoCell.swift in Sources */,
				DD84178529090C520026B624 /* VLUploadImageResModel.m in Sources */,
				DD2A43CB28FFCEE7004CEDCF /* AppDelegate.swift in Sources */,
				DD84177F29090C520026B624 /* UIWindow+Router.m in Sources */,
				DD84178729090C520026B624 /* VLMineTCell.m in Sources */,
				DD84178029090C520026B624 /* VLDiscoveryHeaderView.m in Sources */,
				DD84178229090C520026B624 /* VLDiscoveryView.m in Sources */,
				DD84178229090C520026B624 /* VLDiscoveryView.m in Sources */,
				DD84178329090C520026B624 /* VLAmusementTCell.m in Sources */,
				DD3610D029B70F3800CE7984 /* VLMineCellModel.m in Sources */,
				DD84178A29090C520026B624 /* VLMainRootViewController.m in Sources */,
			);
			runOnlyForDeploymentPostprocessing = 0;
		};
		DD2A43D928FFCEE7004CEDCF /* Sources */ = {
			isa = PBXSourcesBuildPhase;
			buildActionMask = 2147483647;
			files = (
				DD2A43E228FFCEE7004CEDCF /* AgoraEntScenariosTests.swift in Sources */,
			);
			runOnlyForDeploymentPostprocessing = 0;
		};
		DD2A43E328FFCEE7004CEDCF /* Sources */ = {
			isa = PBXSourcesBuildPhase;
			buildActionMask = 2147483647;
			files = (
				DD2A43EC28FFCEE7004CEDCF /* AgoraEntScenariosUITests.swift in Sources */,
				DD2A43EE28FFCEE7004CEDCF /* AgoraEntScenariosUITestsLaunchTests.swift in Sources */,
			);
			runOnlyForDeploymentPostprocessing = 0;
		};
/* End PBXSourcesBuildPhase section */

/* Begin PBXTargetDependency section */
		DD2A43DF28FFCEE7004CEDCF /* PBXTargetDependency */ = {
			isa = PBXTargetDependency;
			target = DD2A43C628FFCEE7004CEDCF /* AgoraEntScenarios */;
			targetProxy = DD2A43DE28FFCEE7004CEDCF /* PBXContainerItemProxy */;
		};
		DD2A43E928FFCEE7004CEDCF /* PBXTargetDependency */ = {
			isa = PBXTargetDependency;
			target = DD2A43C628FFCEE7004CEDCF /* AgoraEntScenarios */;
			targetProxy = DD2A43E828FFCEE7004CEDCF /* PBXContainerItemProxy */;
		};
/* End PBXTargetDependency section */

/* Begin PBXVariantGroup section */
		DD2A43D028FFCEE7004CEDCF /* Main.storyboard */ = {
			isa = PBXVariantGroup;
			children = (
				DD2A43D128FFCEE7004CEDCF /* Base */,
				E358F7F72934925F00A7EBD1 /* zh-Hans */,
			);
			name = Main.storyboard;
			sourceTree = "<group>";
		};
		DD2A43D528FFCEE7004CEDCF /* LaunchScreen.storyboard */ = {
			isa = PBXVariantGroup;
			children = (
				DD2A43D628FFCEE7004CEDCF /* Base */,
				E358F7F82934925F00A7EBD1 /* zh-Hans */,
			);
			name = LaunchScreen.storyboard;
			sourceTree = "<group>";
		};
		E358F802293494BC00A7EBD1 /* InfoPlist.strings */ = {
			isa = PBXVariantGroup;
			children = (
				E358F801293494BC00A7EBD1 /* en */,
			);
			name = InfoPlist.strings;
			sourceTree = "<group>";
		};
		E36EC8BC2A6680F60089A374 /* Localizable.strings */ = {
			isa = PBXVariantGroup;
			children = (
				E36EC8BB2A6680F60089A374 /* en */,
			);
			name = Localizable.strings;
			sourceTree = "<group>";
		};
/* End PBXVariantGroup section */

/* Begin XCBuildConfiguration section */
		DD2A43EF28FFCEE7004CEDCF /* Debug */ = {
			isa = XCBuildConfiguration;
			buildSettings = {
				ALWAYS_SEARCH_USER_PATHS = NO;
				CLANG_ANALYZER_LOCALIZABILITY_NONLOCALIZED = YES;
				CLANG_ANALYZER_NONNULL = YES;
				CLANG_ANALYZER_NUMBER_OBJECT_CONVERSION = YES_AGGRESSIVE;
				CLANG_CXX_LANGUAGE_STANDARD = "gnu++17";
				CLANG_ENABLE_MODULES = YES;
				CLANG_ENABLE_OBJC_ARC = YES;
				CLANG_ENABLE_OBJC_WEAK = YES;
				CLANG_WARN_BLOCK_CAPTURE_AUTORELEASING = YES;
				CLANG_WARN_BOOL_CONVERSION = YES;
				CLANG_WARN_COMMA = YES;
				CLANG_WARN_CONSTANT_CONVERSION = YES;
				CLANG_WARN_DEPRECATED_OBJC_IMPLEMENTATIONS = YES;
				CLANG_WARN_DIRECT_OBJC_ISA_USAGE = YES_ERROR;
				CLANG_WARN_DOCUMENTATION_COMMENTS = YES;
				CLANG_WARN_EMPTY_BODY = YES;
				CLANG_WARN_ENUM_CONVERSION = YES;
				CLANG_WARN_INFINITE_RECURSION = YES;
				CLANG_WARN_INT_CONVERSION = YES;
				CLANG_WARN_NON_LITERAL_NULL_CONVERSION = YES;
				CLANG_WARN_OBJC_IMPLICIT_RETAIN_SELF = YES;
				CLANG_WARN_OBJC_LITERAL_CONVERSION = YES;
				CLANG_WARN_OBJC_ROOT_CLASS = YES_ERROR;
				CLANG_WARN_QUOTED_INCLUDE_IN_FRAMEWORK_HEADER = YES;
				CLANG_WARN_RANGE_LOOP_ANALYSIS = YES;
				CLANG_WARN_STRICT_PROTOTYPES = YES;
				CLANG_WARN_SUSPICIOUS_MOVE = YES;
				CLANG_WARN_UNGUARDED_AVAILABILITY = YES_AGGRESSIVE;
				CLANG_WARN_UNREACHABLE_CODE = YES;
				CLANG_WARN__DUPLICATE_METHOD_MATCH = YES;
				COPY_PHASE_STRIP = NO;
				DEBUG_INFORMATION_FORMAT = dwarf;
				ENABLE_BITCODE = NO;
				ENABLE_STRICT_OBJC_MSGSEND = YES;
				ENABLE_TESTABILITY = YES;
				GCC_C_LANGUAGE_STANDARD = gnu11;
				GCC_DYNAMIC_NO_PIC = NO;
				GCC_NO_COMMON_BLOCKS = YES;
				GCC_OPTIMIZATION_LEVEL = 0;
				GCC_PREPROCESSOR_DEFINITIONS = (
					"DEBUG=1",
					"$(inherited)",
				);
				GCC_WARN_64_TO_32_BIT_CONVERSION = YES;
				GCC_WARN_ABOUT_RETURN_TYPE = YES_ERROR;
				GCC_WARN_UNDECLARED_SELECTOR = YES;
				GCC_WARN_UNINITIALIZED_AUTOS = YES_AGGRESSIVE;
				GCC_WARN_UNUSED_FUNCTION = YES;
				GCC_WARN_UNUSED_VARIABLE = YES;
				IPHONEOS_DEPLOYMENT_TARGET = 13.0;
				MTL_ENABLE_DEBUG_INFO = INCLUDE_SOURCE;
				MTL_FAST_MATH = YES;
				ONLY_ACTIVE_ARCH = YES;
				SDKROOT = iphoneos;
				SWIFT_ACTIVE_COMPILATION_CONDITIONS = DEBUG;
				SWIFT_OPTIMIZATION_LEVEL = "-Onone";
			};
			name = Debug;
		};
		DD2A43F028FFCEE7004CEDCF /* Release */ = {
			isa = XCBuildConfiguration;
			buildSettings = {
				ALWAYS_SEARCH_USER_PATHS = NO;
				CLANG_ANALYZER_LOCALIZABILITY_NONLOCALIZED = YES;
				CLANG_ANALYZER_NONNULL = YES;
				CLANG_ANALYZER_NUMBER_OBJECT_CONVERSION = YES_AGGRESSIVE;
				CLANG_CXX_LANGUAGE_STANDARD = "gnu++17";
				CLANG_ENABLE_MODULES = YES;
				CLANG_ENABLE_OBJC_ARC = YES;
				CLANG_ENABLE_OBJC_WEAK = YES;
				CLANG_WARN_BLOCK_CAPTURE_AUTORELEASING = YES;
				CLANG_WARN_BOOL_CONVERSION = YES;
				CLANG_WARN_COMMA = YES;
				CLANG_WARN_CONSTANT_CONVERSION = YES;
				CLANG_WARN_DEPRECATED_OBJC_IMPLEMENTATIONS = YES;
				CLANG_WARN_DIRECT_OBJC_ISA_USAGE = YES_ERROR;
				CLANG_WARN_DOCUMENTATION_COMMENTS = YES;
				CLANG_WARN_EMPTY_BODY = YES;
				CLANG_WARN_ENUM_CONVERSION = YES;
				CLANG_WARN_INFINITE_RECURSION = YES;
				CLANG_WARN_INT_CONVERSION = YES;
				CLANG_WARN_NON_LITERAL_NULL_CONVERSION = YES;
				CLANG_WARN_OBJC_IMPLICIT_RETAIN_SELF = YES;
				CLANG_WARN_OBJC_LITERAL_CONVERSION = YES;
				CLANG_WARN_OBJC_ROOT_CLASS = YES_ERROR;
				CLANG_WARN_QUOTED_INCLUDE_IN_FRAMEWORK_HEADER = YES;
				CLANG_WARN_RANGE_LOOP_ANALYSIS = YES;
				CLANG_WARN_STRICT_PROTOTYPES = YES;
				CLANG_WARN_SUSPICIOUS_MOVE = YES;
				CLANG_WARN_UNGUARDED_AVAILABILITY = YES_AGGRESSIVE;
				CLANG_WARN_UNREACHABLE_CODE = YES;
				CLANG_WARN__DUPLICATE_METHOD_MATCH = YES;
				COPY_PHASE_STRIP = NO;
				DEBUG_INFORMATION_FORMAT = "dwarf-with-dsym";
				ENABLE_BITCODE = NO;
				ENABLE_NS_ASSERTIONS = NO;
				ENABLE_STRICT_OBJC_MSGSEND = YES;
				GCC_C_LANGUAGE_STANDARD = gnu11;
				GCC_NO_COMMON_BLOCKS = YES;
				GCC_WARN_64_TO_32_BIT_CONVERSION = YES;
				GCC_WARN_ABOUT_RETURN_TYPE = YES_ERROR;
				GCC_WARN_UNDECLARED_SELECTOR = YES;
				GCC_WARN_UNINITIALIZED_AUTOS = YES_AGGRESSIVE;
				GCC_WARN_UNUSED_FUNCTION = YES;
				GCC_WARN_UNUSED_VARIABLE = YES;
				IPHONEOS_DEPLOYMENT_TARGET = 13.0;
				MTL_ENABLE_DEBUG_INFO = NO;
				MTL_FAST_MATH = YES;
				SDKROOT = iphoneos;
				SWIFT_COMPILATION_MODE = wholemodule;
				SWIFT_OPTIMIZATION_LEVEL = "-O";
				VALIDATE_PRODUCT = YES;
			};
			name = Release;
		};
		DD2A43F228FFCEE7004CEDCF /* Debug */ = {
			isa = XCBuildConfiguration;
			baseConfigurationReference = 4A3B186B38A56ACA440591ED /* Pods-AgoraEntScenarios.debug.xcconfig */;
			buildSettings = {
				ASSETCATALOG_COMPILER_APPICON_NAME = AppIcon;
				ASSETCATALOG_COMPILER_GLOBAL_ACCENT_COLOR_NAME = AccentColor;
				CLANG_ENABLE_MODULES = YES;
				CODE_SIGN_IDENTITY = "Apple Development";
				CODE_SIGN_STYLE = Automatic;
				CURRENT_PROJECT_VERSION = 5;
				DEVELOPMENT_TEAM = G726234S43;
				ENABLE_BITCODE = NO;
				GENERATE_INFOPLIST_FILE = YES;
				INFOPLIST_FILE = AgoraEntScenarios/Info.plist;
				INFOPLIST_KEY_CFBundleDisplayName = "Agora Live";
				INFOPLIST_KEY_NSCameraUsageDescription = "Agora requires you to turn on the camera function for video calls";
				INFOPLIST_KEY_NSMicrophoneUsageDescription = "Agora requires you to enable the microphone function for video calls";
				INFOPLIST_KEY_NSPhotoLibraryUsageDescription = "Agora requires you to turn on the Album feature for profile picture updates";
				INFOPLIST_KEY_UIApplicationSupportsIndirectInputEvents = YES;
				INFOPLIST_KEY_UILaunchStoryboardName = LaunchScreen;
				INFOPLIST_KEY_UIMainStoryboardFile = Main;
				INFOPLIST_KEY_UIStatusBarStyle = "";
				INFOPLIST_KEY_UISupportedInterfaceOrientations = UIInterfaceOrientationPortrait;
				INFOPLIST_KEY_UISupportedInterfaceOrientations_iPad = "UIInterfaceOrientationLandscapeLeft UIInterfaceOrientationLandscapeRight UIInterfaceOrientationPortrait UIInterfaceOrientationPortraitUpsideDown";
				INFOPLIST_KEY_UIUserInterfaceStyle = Light;
				IPHONEOS_DEPLOYMENT_TARGET = 13.0;
				LD_RUNPATH_SEARCH_PATHS = (
					"$(inherited)",
					"@executable_path/Frameworks",
				);
				MARKETING_VERSION = 1.3.0;
				OTHER_LDFLAGS = (
					"$(inherited)",
					"-ObjC",
					"-l\"iconv\"",
					"-l\"icucore\"",
					"-l\"z\"",
					"-framework",
					"\"AFNetworking\"",
					"-framework",
					"\"AVFoundation\"",
					"-framework",
					"\"Accelerate\"",
					"-framework",
					"\"AgoraAiEchoCancellationExtension\"",
					"-framework",
					"\"AgoraAiNoiseSuppressionExtension\"",
					"-framework",
					"\"AgoraAudioBeautyExtension\"",
					"-framework",
					"\"AgoraChat\"",
					"-framework",
					"\"AgoraClearVisionExtension\"",
					"-framework",
					"\"AgoraContentInspectExtension\"",
					"-framework",
					"\"AgoraFaceDetectionExtension\"",
					"-framework",
					"\"AgoraReplayKitExtension\"",
					"-framework",
					"\"AgoraRtcKit\"",
					"-framework",
					"\"AgoraSoundTouch\"",
					"-framework",
					"\"AgoraSpatialAudioExtension\"",
					"-framework",
					"\"AgoraVideoDecoderExtension\"",
					"-framework",
					"\"AgoraVideoEncoderExtension\"",
					"-framework",
					"\"AgoraVideoQualityAnalyzerExtension\"",
					"-framework",
					"\"AgoraVideoSegmentationExtension\"",
					"-framework",
					"\"Agora_Scene_Utils\"",
					"-framework",
					"\"Agorafdkaac\"",
					"-framework",
					"\"Agoraffmpeg\"",
					"-framework",
					"\"AssetsLibrary\"",
					"-framework",
					"\"CFNetwork\"",
					"-framework",
					"\"CoreFoundation\"",
					"-framework",
					"\"CoreGraphics\"",
					"-framework",
					"\"CoreImage\"",
					"-framework",
					"\"CoreMedia\"",
					"-framework",
					"\"CoreMotion\"",
					"-framework",
					"\"CoreText\"",
					"-framework",
					"\"CoreVideo\"",
					"-framework",
					"\"Foundation\"",
					"-framework",
					"\"HWWeakTimer\"",
					"-framework",
					"\"ImageIO\"",
					"-framework",
					"\"JXCategoryView\"",
					"-framework",
					"\"KakaJSON\"",
					"-framework",
					"\"LEEAlert\"",
					"-framework",
					"\"MJRefresh\"",
					"-framework",
					"\"Masonry\"",
					"-framework",
					"\"Protobuf\"",
					"-framework",
					"\"QuartzCore\"",
					"-framework",
					"\"SDWebImage\"",
					"-framework",
					"\"SDWebImageAPNGCoder\"",
					"-framework",
					"\"SSZipArchive\"",
					"-framework",
					"\"SVGAPlayer\"",
					"-framework",
					"\"SVProgressHUD\"",
					"-framework",
					"\"Security\"",
					"-framework",
					"\"SnapKit\"",
					"-framework",
					"\"SocketRocket\"",
					"-framework",
					"\"SwiftyBeaver\"",
					"-framework",
					"\"UIKit\"",
					"-framework",
					"\"VideoLoaderAPI\"",
					"-framework",
					"\"YYCategories\"",
					"-framework",
					"\"YYModel\"",
					"-framework",
					"\"ZSwiftBaseLib\"",
					"-framework",
					"\"video_dec\"",
					"-framework",
					"\"video_enc\"",
					"-weak_framework",
					"\"AgoraAiEchoCancellationExtension\"",
					"-weak_framework",
					"\"AgoraAiNoiseSuppressionExtension\"",
					"-weak_framework",
					"\"AgoraAudioBeautyExtension\"",
					"-weak_framework",
					"\"AgoraClearVisionExtension\"",
					"-weak_framework",
					"\"AgoraContentInspectExtension\"",
					"-weak_framework",
					"\"AgoraFaceDetectionExtension\"",
					"-weak_framework",
					"\"AgoraReplayKitExtension\"",
					"-weak_framework",
					"\"AgoraSpatialAudioExtension\"",
					"-weak_framework",
					"\"AgoraVideoDecoderExtension\"",
					"-weak_framework",
					"\"AgoraVideoEncoderExtension\"",
					"-weak_framework",
					"\"AgoraVideoQualityAnalyzerExtension\"",
					"-weak_framework",
					"\"AgoraVideoSegmentationExtension\"",
					"-weak_framework",
					"\"CoreML\"",
					"-weak_framework",
					"\"Metal\"",
					"-weak_framework",
					"\"MetalPerformanceShaders\"",
					"-weak_framework",
					"\"Photos\"",
					"-ld64",
				);
				PRODUCT_BUNDLE_IDENTIFIER = io.agora.livestreaming;
				PRODUCT_NAME = "$(TARGET_NAME)";
				PROVISIONING_PROFILE_SPECIFIER = "";
				SWIFT_EMIT_LOC_STRINGS = YES;
				SWIFT_OBJC_BRIDGING_HEADER = "AgoraEntScenarios/AgoraEntScenarios-Bridging-Header.h";
				SWIFT_OPTIMIZATION_LEVEL = "-Onone";
				SWIFT_VERSION = 5.0;
				TARGETED_DEVICE_FAMILY = 1;
			};
			name = Debug;
		};
		DD2A43F328FFCEE7004CEDCF /* Release */ = {
			isa = XCBuildConfiguration;
			baseConfigurationReference = 563C78B601810D421A3F783A /* Pods-AgoraEntScenarios.release.xcconfig */;
			buildSettings = {
				ASSETCATALOG_COMPILER_APPICON_NAME = AppIcon;
				ASSETCATALOG_COMPILER_GLOBAL_ACCENT_COLOR_NAME = AccentColor;
				CLANG_ENABLE_MODULES = YES;
				CODE_SIGN_IDENTITY = "Apple Development";
				CODE_SIGN_STYLE = Automatic;
				CURRENT_PROJECT_VERSION = 5;
				DEVELOPMENT_TEAM = G726234S43;
				ENABLE_BITCODE = NO;
				GENERATE_INFOPLIST_FILE = YES;
				INFOPLIST_FILE = AgoraEntScenarios/Info.plist;
				INFOPLIST_KEY_CFBundleDisplayName = "Agora Live";
				INFOPLIST_KEY_NSCameraUsageDescription = "Agora requires you to turn on the camera function for video calls";
				INFOPLIST_KEY_NSMicrophoneUsageDescription = "Agora requires you to enable the microphone function for video calls";
				INFOPLIST_KEY_NSPhotoLibraryUsageDescription = "Agora requires you to turn on the Album feature for profile picture updates";
				INFOPLIST_KEY_UIApplicationSupportsIndirectInputEvents = YES;
				INFOPLIST_KEY_UILaunchStoryboardName = LaunchScreen;
				INFOPLIST_KEY_UIMainStoryboardFile = Main;
				INFOPLIST_KEY_UIStatusBarStyle = "";
				INFOPLIST_KEY_UISupportedInterfaceOrientations = UIInterfaceOrientationPortrait;
				INFOPLIST_KEY_UISupportedInterfaceOrientations_iPad = "UIInterfaceOrientationLandscapeLeft UIInterfaceOrientationLandscapeRight UIInterfaceOrientationPortrait UIInterfaceOrientationPortraitUpsideDown";
				INFOPLIST_KEY_UIUserInterfaceStyle = Light;
				IPHONEOS_DEPLOYMENT_TARGET = 13.0;
				LD_RUNPATH_SEARCH_PATHS = (
					"$(inherited)",
					"@executable_path/Frameworks",
				);
				MARKETING_VERSION = 1.3.0;
				OTHER_LDFLAGS = (
					"$(inherited)",
					"-ObjC",
					"-l\"iconv\"",
					"-l\"icucore\"",
					"-l\"z\"",
					"-framework",
					"\"AFNetworking\"",
					"-framework",
					"\"AVFoundation\"",
					"-framework",
					"\"Accelerate\"",
					"-framework",
					"\"AgoraAiEchoCancellationExtension\"",
					"-framework",
					"\"AgoraAiNoiseSuppressionExtension\"",
					"-framework",
					"\"AgoraAudioBeautyExtension\"",
					"-framework",
					"\"AgoraChat\"",
					"-framework",
					"\"AgoraClearVisionExtension\"",
					"-framework",
					"\"AgoraContentInspectExtension\"",
					"-framework",
					"\"AgoraFaceDetectionExtension\"",
					"-framework",
					"\"AgoraReplayKitExtension\"",
					"-framework",
					"\"AgoraRtcKit\"",
					"-framework",
					"\"AgoraSoundTouch\"",
					"-framework",
					"\"AgoraSpatialAudioExtension\"",
					"-framework",
					"\"AgoraVideoDecoderExtension\"",
					"-framework",
					"\"AgoraVideoEncoderExtension\"",
					"-framework",
					"\"AgoraVideoQualityAnalyzerExtension\"",
					"-framework",
					"\"AgoraVideoSegmentationExtension\"",
					"-framework",
					"\"Agora_Scene_Utils\"",
					"-framework",
					"\"Agorafdkaac\"",
					"-framework",
					"\"Agoraffmpeg\"",
					"-framework",
					"\"AssetsLibrary\"",
					"-framework",
					"\"CFNetwork\"",
					"-framework",
					"\"CoreFoundation\"",
					"-framework",
					"\"CoreGraphics\"",
					"-framework",
					"\"CoreImage\"",
					"-framework",
					"\"CoreMedia\"",
					"-framework",
					"\"CoreMotion\"",
					"-framework",
					"\"CoreText\"",
					"-framework",
					"\"CoreVideo\"",
					"-framework",
					"\"Foundation\"",
					"-framework",
					"\"HWWeakTimer\"",
					"-framework",
					"\"ImageIO\"",
					"-framework",
					"\"JXCategoryView\"",
					"-framework",
					"\"KakaJSON\"",
					"-framework",
					"\"LEEAlert\"",
					"-framework",
					"\"MJRefresh\"",
					"-framework",
					"\"Masonry\"",
					"-framework",
					"\"Protobuf\"",
					"-framework",
					"\"QuartzCore\"",
					"-framework",
					"\"SDWebImage\"",
					"-framework",
					"\"SDWebImageAPNGCoder\"",
					"-framework",
					"\"SSZipArchive\"",
					"-framework",
					"\"SVGAPlayer\"",
					"-framework",
					"\"SVProgressHUD\"",
					"-framework",
					"\"Security\"",
					"-framework",
					"\"SnapKit\"",
					"-framework",
					"\"SocketRocket\"",
					"-framework",
					"\"SwiftyBeaver\"",
					"-framework",
					"\"UIKit\"",
					"-framework",
					"\"VideoLoaderAPI\"",
					"-framework",
					"\"YYCategories\"",
					"-framework",
					"\"YYModel\"",
					"-framework",
					"\"ZSwiftBaseLib\"",
					"-framework",
					"\"video_dec\"",
					"-framework",
					"\"video_enc\"",
					"-weak_framework",
					"\"AgoraAiEchoCancellationExtension\"",
					"-weak_framework",
					"\"AgoraAiNoiseSuppressionExtension\"",
					"-weak_framework",
					"\"AgoraAudioBeautyExtension\"",
					"-weak_framework",
					"\"AgoraClearVisionExtension\"",
					"-weak_framework",
					"\"AgoraContentInspectExtension\"",
					"-weak_framework",
					"\"AgoraFaceDetectionExtension\"",
					"-weak_framework",
					"\"AgoraReplayKitExtension\"",
					"-weak_framework",
					"\"AgoraSpatialAudioExtension\"",
					"-weak_framework",
					"\"AgoraVideoDecoderExtension\"",
					"-weak_framework",
					"\"AgoraVideoEncoderExtension\"",
					"-weak_framework",
					"\"AgoraVideoQualityAnalyzerExtension\"",
					"-weak_framework",
					"\"AgoraVideoSegmentationExtension\"",
					"-weak_framework",
					"\"CoreML\"",
					"-weak_framework",
					"\"Metal\"",
					"-weak_framework",
					"\"MetalPerformanceShaders\"",
					"-weak_framework",
					"\"Photos\"",
					"-ld64",
				);
				PRODUCT_BUNDLE_IDENTIFIER = io.agora.livestreaming;
				PRODUCT_NAME = "$(TARGET_NAME)";
				PROVISIONING_PROFILE_SPECIFIER = "";
				SWIFT_EMIT_LOC_STRINGS = YES;
				SWIFT_OBJC_BRIDGING_HEADER = "AgoraEntScenarios/AgoraEntScenarios-Bridging-Header.h";
				SWIFT_VERSION = 5.0;
				TARGETED_DEVICE_FAMILY = 1;
			};
			name = Release;
		};
		DD2A43F528FFCEE7004CEDCF /* Debug */ = {
			isa = XCBuildConfiguration;
			buildSettings = {
				ALWAYS_EMBED_SWIFT_STANDARD_LIBRARIES = YES;
				BUNDLE_LOADER = "$(TEST_HOST)";
				CODE_SIGN_STYLE = Automatic;
				CURRENT_PROJECT_VERSION = 1;
				DEVELOPMENT_TEAM = YS397FG5PA;
				GENERATE_INFOPLIST_FILE = YES;
				IPHONEOS_DEPLOYMENT_TARGET = 15.5;
				MARKETING_VERSION = 1.0;
				PRODUCT_BUNDLE_IDENTIFIER = com.agora.ent.scenarios.AgoraEntScenariosTests;
				PRODUCT_NAME = "$(TARGET_NAME)";
				SWIFT_EMIT_LOC_STRINGS = NO;
				SWIFT_VERSION = 5.0;
				TARGETED_DEVICE_FAMILY = "1,2";
				TEST_HOST = "$(BUILT_PRODUCTS_DIR)/AgoraEntScenarios.app/AgoraEntScenarios";
			};
			name = Debug;
		};
		DD2A43F628FFCEE7004CEDCF /* Release */ = {
			isa = XCBuildConfiguration;
			buildSettings = {
				ALWAYS_EMBED_SWIFT_STANDARD_LIBRARIES = YES;
				BUNDLE_LOADER = "$(TEST_HOST)";
				CODE_SIGN_STYLE = Automatic;
				CURRENT_PROJECT_VERSION = 1;
				DEVELOPMENT_TEAM = YS397FG5PA;
				GENERATE_INFOPLIST_FILE = YES;
				IPHONEOS_DEPLOYMENT_TARGET = 15.5;
				MARKETING_VERSION = 1.0;
				PRODUCT_BUNDLE_IDENTIFIER = com.agora.ent.scenarios.AgoraEntScenariosTests;
				PRODUCT_NAME = "$(TARGET_NAME)";
				SWIFT_EMIT_LOC_STRINGS = NO;
				SWIFT_VERSION = 5.0;
				TARGETED_DEVICE_FAMILY = "1,2";
				TEST_HOST = "$(BUILT_PRODUCTS_DIR)/AgoraEntScenarios.app/AgoraEntScenarios";
			};
			name = Release;
		};
		DD2A43F828FFCEE7004CEDCF /* Debug */ = {
			isa = XCBuildConfiguration;
			buildSettings = {
				ALWAYS_EMBED_SWIFT_STANDARD_LIBRARIES = YES;
				CODE_SIGN_STYLE = Automatic;
				CURRENT_PROJECT_VERSION = 1;
				DEVELOPMENT_TEAM = YS397FG5PA;
				GENERATE_INFOPLIST_FILE = YES;
				MARKETING_VERSION = 1.0;
				PRODUCT_BUNDLE_IDENTIFIER = com.agora.ent.scenarios.AgoraEntScenariosUITests;
				PRODUCT_NAME = "$(TARGET_NAME)";
				SWIFT_EMIT_LOC_STRINGS = NO;
				SWIFT_VERSION = 5.0;
				TARGETED_DEVICE_FAMILY = "1,2";
				TEST_TARGET_NAME = AgoraEntScenarios;
			};
			name = Debug;
		};
		DD2A43F928FFCEE7004CEDCF /* Release */ = {
			isa = XCBuildConfiguration;
			buildSettings = {
				ALWAYS_EMBED_SWIFT_STANDARD_LIBRARIES = YES;
				CODE_SIGN_STYLE = Automatic;
				CURRENT_PROJECT_VERSION = 1;
				DEVELOPMENT_TEAM = YS397FG5PA;
				GENERATE_INFOPLIST_FILE = YES;
				MARKETING_VERSION = 1.0;
				PRODUCT_BUNDLE_IDENTIFIER = com.agora.ent.scenarios.AgoraEntScenariosUITests;
				PRODUCT_NAME = "$(TARGET_NAME)";
				SWIFT_EMIT_LOC_STRINGS = NO;
				SWIFT_VERSION = 5.0;
				TARGETED_DEVICE_FAMILY = "1,2";
				TEST_TARGET_NAME = AgoraEntScenarios;
			};
			name = Release;
		};
/* End XCBuildConfiguration section */

/* Begin XCConfigurationList section */
		DD2A43C228FFCEE7004CEDCF /* Build configuration list for PBXProject "AgoraEntScenarios" */ = {
			isa = XCConfigurationList;
			buildConfigurations = (
				DD2A43EF28FFCEE7004CEDCF /* Debug */,
				DD2A43F028FFCEE7004CEDCF /* Release */,
			);
			defaultConfigurationIsVisible = 0;
			defaultConfigurationName = Release;
		};
		DD2A43F128FFCEE7004CEDCF /* Build configuration list for PBXNativeTarget "AgoraEntScenarios" */ = {
			isa = XCConfigurationList;
			buildConfigurations = (
				DD2A43F228FFCEE7004CEDCF /* Debug */,
				DD2A43F328FFCEE7004CEDCF /* Release */,
			);
			defaultConfigurationIsVisible = 0;
			defaultConfigurationName = Release;
		};
		DD2A43F428FFCEE7004CEDCF /* Build configuration list for PBXNativeTarget "AgoraEntScenariosTests" */ = {
			isa = XCConfigurationList;
			buildConfigurations = (
				DD2A43F528FFCEE7004CEDCF /* Debug */,
				DD2A43F628FFCEE7004CEDCF /* Release */,
			);
			defaultConfigurationIsVisible = 0;
			defaultConfigurationName = Release;
		};
		DD2A43F728FFCEE7004CEDCF /* Build configuration list for PBXNativeTarget "AgoraEntScenariosUITests" */ = {
			isa = XCConfigurationList;
			buildConfigurations = (
				DD2A43F828FFCEE7004CEDCF /* Debug */,
				DD2A43F928FFCEE7004CEDCF /* Release */,
			);
			defaultConfigurationIsVisible = 0;
			defaultConfigurationName = Release;
		};
/* End XCConfigurationList section */
	};
	rootObject = DD2A43BF28FFCEE7004CEDCF /* Project object */;
}
